
Microsoft Visual Studio Solution File, Format Version 12.00
# Visual Studio Version 16
VisualStudioVersion = 16.0.30413.136
MinimumVisualStudioVersion = 10.0.40219.1
Project("{8BC9CEB8-8B4A-11D0-8D11-00A0C91BC942}") = "DL3_L1_Riccio", "DL3_L1_Riccio\DL3_L1_Riccio.vcxproj", "{3FFD80F1-F26F-48B8-B8F5-CEF250EFA61D}"
EndProject
Project("{8BC9CEB8-8B4A-11D0-8D11-00A0C91BC942}") = "DL3_L2_Riccio", "DL3_L2_Riccio\DL3_L2_Riccio.vcxproj", "{3D530A73-C98C-4385-BB98-0EC49833CFED}"
EndProject
Project("{8BC9CEB8-8B4A-11D0-8D11-00A0C91BC942}") = "DL3_L3_Riccio", "DL3_L3_Riccio\DL3_L3_Riccio.vcxproj", "{87973CB6-7A3B-41DF-AA40-F8D532D726F5}"
EndProject
Project("{8BC9CEB8-8B4A-11D0-8D11-00A0C91BC942}") = "DL3_L4_Riccio", "DL3_L4_Riccio\DL3_L4_Riccio.vcxproj", "{A2AD1EB7-4F21-462E-A3F6-A49DF6C44367}"
EndProject
Project("{8BC9CEB8-8B4A-11D0-8D11-00A0C91BC942}") = "DL3_L5_Riccio", "DL3_L5_Riccio\DL3_L5_Riccio.vcxproj", "{781BC052-D02D-4502-BEFF-78CDD62F77D1}"
EndProject
Project("{8BC9CEB8-8B4A-11D0-8D11-00A0C91BC942}") = "DL3_L6_Riccio", "DL3_L6_Riccio\DL3_L6_Riccio.vcxproj", "{3F91E646-B3BF-452B-86A9-7CE401CB4C70}"
EndProject
Project("{8BC9CEB8-8B4A-11D0-8D11-00A0C91BC942}") = "DL3_L7_Riccio", "DL3_L7_Riccio\DL3_L7_Riccio.vcxproj", "{268176EE-8F03-4B1F-97C8-30EBBCFE3D2B}"
EndProject
Project("{8BC9CEB8-8B4A-11D0-8D11-00A0C91BC942}") = "DL3_L8_Riccio", "DL3_L8_Riccio\DL3_L8_Riccio.vcxproj", "{AB36CF7A-C378-44A2-B4FD-CC5C06D6D1EC}"
EndProject
Project("{8BC9CEB8-8B4A-11D0-8D11-00A0C91BC942}") = "DL3_L9_Riccio", "DL3_L9_Riccio\DL3_L9_Riccio.vcxproj", "{54E281E8-4A4D-457D-AF54-45F94E584A77}"
EndProject
Project("{8BC9CEB8-8B4A-11D0-8D11-00A0C91BC942}") = "DL3_L10_Riccio", "DL3_L10_Riccio\DL3_L10_Riccio.vcxproj", "{30293831-ABE0-4325-B084-3ACBB73745FC}"
EndProject
Project("{8BC9CEB8-8B4A-11D0-8D11-00A0C91BC942}") = "DL3_L11_Riccio", "DL3_L11_Riccio\DL3_L11_Riccio.vcxproj", "{9C02961D-D2D4-471B-8A9C-B01C528F98B9}"
EndProject
Project("{8BC9CEB8-8B4A-11D0-8D11-00A0C91BC942}") = "DL3_L14_Riccio", "DL3_L14_Riccio\DL3_L14_Riccio.vcxproj", "{41A822BE-8357-42AB-9248-1956A88ECF72}"
EndProject
Global
	GlobalSection(SolutionConfigurationPlatforms) = preSolution
		Debug|x64 = Debug|x64
		Debug|x86 = Debug|x86
		Release|x64 = Release|x64
		Release|x86 = Release|x86
	EndGlobalSection
	GlobalSection(ProjectConfigurationPlatforms) = postSolution
		{3FFD80F1-F26F-48B8-B8F5-CEF250EFA61D}.Debug|x64.ActiveCfg = Debug|x64
		{3FFD80F1-F26F-48B8-B8F5-CEF250EFA61D}.Debug|x64.Build.0 = Debug|x64
		{3FFD80F1-F26F-48B8-B8F5-CEF250EFA61D}.Debug|x86.ActiveCfg = Debug|Win32
		{3FFD80F1-F26F-48B8-B8F5-CEF250EFA61D}.Debug|x86.Build.0 = Debug|Win32
		{3FFD80F1-F26F-48B8-B8F5-CEF250EFA61D}.Release|x64.ActiveCfg = Release|x64
		{3FFD80F1-F26F-48B8-B8F5-CEF250EFA61D}.Release|x64.Build.0 = Release|x64
		{3FFD80F1-F26F-48B8-B8F5-CEF250EFA61D}.Release|x86.ActiveCfg = Release|Win32
		{3FFD80F1-F26F-48B8-B8F5-CEF250EFA61D}.Release|x86.Build.0 = Release|Win32
		{3D530A73-C98C-4385-BB98-0EC49833CFED}.Debug|x64.ActiveCfg = Debug|x64
		{3D530A73-C98C-4385-BB98-0EC49833CFED}.Debug|x64.Build.0 = Debug|x64
		{3D530A73-C98C-4385-BB98-0EC49833CFED}.Debug|x86.ActiveCfg = Debug|Win32
		{3D530A73-C98C-4385-BB98-0EC49833CFED}.Debug|x86.Build.0 = Debug|Win32
		{3D530A73-C98C-4385-BB98-0EC49833CFED}.Release|x64.ActiveCfg = Release|x64
		{3D530A73-C98C-4385-BB98-0EC49833CFED}.Release|x64.Build.0 = Release|x64
		{3D530A73-C98C-4385-BB98-0EC49833CFED}.Release|x86.ActiveCfg = Release|Win32
		{3D530A73-C98C-4385-BB98-0EC49833CFED}.Release|x86.Build.0 = Release|Win32
		{87973CB6-7A3B-41DF-AA40-F8D532D726F5}.Debug|x64.ActiveCfg = Debug|x64
		{87973CB6-7A3B-41DF-AA40-F8D532D726F5}.Debug|x64.Build.0 = Debug|x64
		{87973CB6-7A3B-41DF-AA40-F8D532D726F5}.Debug|x86.ActiveCfg = Debug|Win32
		{87973CB6-7A3B-41DF-AA40-F8D532D726F5}.Debug|x86.Build.0 = Debug|Win32
		{87973CB6-7A3B-41DF-AA40-F8D532D726F5}.Release|x64.ActiveCfg = Release|x64
		{87973CB6-7A3B-41DF-AA40-F8D532D726F5}.Release|x64.Build.0 = Release|x64
		{87973CB6-7A3B-41DF-AA40-F8D532D726F5}.Release|x86.ActiveCfg = Release|Win32
		{87973CB6-7A3B-41DF-AA40-F8D532D726F5}.Release|x86.Build.0 = Release|Win32
		{A2AD1EB7-4F21-462E-A3F6-A49DF6C44367}.Debug|x64.ActiveCfg = Debug|x64
		{A2AD1EB7-4F21-462E-A3F6-A49DF6C44367}.Debug|x64.Build.0 = Debug|x64
		{A2AD1EB7-4F21-462E-A3F6-A49DF6C44367}.Debug|x86.ActiveCfg = Debug|Win32
		{A2AD1EB7-4F21-462E-A3F6-A49DF6C44367}.Debug|x86.Build.0 = Debug|Win32
		{A2AD1EB7-4F21-462E-A3F6-A49DF6C44367}.Release|x64.ActiveCfg = Release|x64
		{A2AD1EB7-4F21-462E-A3F6-A49DF6C44367}.Release|x64.Build.0 = Release|x64
		{A2AD1EB7-4F21-462E-A3F6-A49DF6C44367}.Release|x86.ActiveCfg = Release|Win32
		{A2AD1EB7-4F21-462E-A3F6-A49DF6C44367}.Release|x86.Build.0 = Release|Win32
		{781BC052-D02D-4502-BEFF-78CDD62F77D1}.Debug|x64.ActiveCfg = Debug|x64
		{781BC052-D02D-4502-BEFF-78CDD62F77D1}.Debug|x64.Build.0 = Debug|x64
		{781BC052-D02D-4502-BEFF-78CDD62F77D1}.Debug|x86.ActiveCfg = Debug|Win32
		{781BC052-D02D-4502-BEFF-78CDD62F77D1}.Debug|x86.Build.0 = Debug|Win32
		{781BC052-D02D-4502-BEFF-78CDD62F77D1}.Release|x64.ActiveCfg = Release|x64
		{781BC052-D02D-4502-BEFF-78CDD62F77D1}.Release|x64.Build.0 = Release|x64
		{781BC052-D02D-4502-BEFF-78CDD62F77D1}.Release|x86.ActiveCfg = Release|Win32
		{781BC052-D02D-4502-BEFF-78CDD62F77D1}.Release|x86.Build.0 = Release|Win32
		{3F91E646-B3BF-452B-86A9-7CE401CB4C70}.Debug|x64.ActiveCfg = Debug|x64
		{3F91E646-B3BF-452B-86A9-7CE401CB4C70}.Debug|x64.Build.0 = Debug|x64
		{3F91E646-B3BF-452B-86A9-7CE401CB4C70}.Debug|x86.ActiveCfg = Debug|Win32
		{3F91E646-B3BF-452B-86A9-7CE401CB4C70}.Debug|x86.Build.0 = Debug|Win32
		{3F91E646-B3BF-452B-86A9-7CE401CB4C70}.Release|x64.ActiveCfg = Release|x64
		{3F91E646-B3BF-452B-86A9-7CE401CB4C70}.Release|x64.Build.0 = Release|x64
		{3F91E646-B3BF-452B-86A9-7CE401CB4C70}.Release|x86.ActiveCfg = Release|Win32
		{3F91E646-B3BF-452B-86A9-7CE401CB4C70}.Release|x86.Build.0 = Release|Win32
		{268176EE-8F03-4B1F-97C8-30EBBCFE3D2B}.Debug|x64.ActiveCfg = Debug|x64
		{268176EE-8F03-4B1F-97C8-30EBBCFE3D2B}.Debug|x64.Build.0 = Debug|x64
		{268176EE-8F03-4B1F-97C8-30EBBCFE3D2B}.Debug|x86.ActiveCfg = Debug|Win32
		{268176EE-8F03-4B1F-97C8-30EBBCFE3D2B}.Debug|x86.Build.0 = Debug|Win32
		{268176EE-8F03-4B1F-97C8-30EBBCFE3D2B}.Release|x64.ActiveCfg = Release|x64
		{268176EE-8F03-4B1F-97C8-30EBBCFE3D2B}.Release|x64.Build.0 = Release|x64
		{268176EE-8F03-4B1F-97C8-30EBBCFE3D2B}.Release|x86.ActiveCfg = Release|Win32
		{268176EE-8F03-4B1F-97C8-30EBBCFE3D2B}.Release|x86.Build.0 = Release|Win32
		{AB36CF7A-C378-44A2-B4FD-CC5C06D6D1EC}.Debug|x64.ActiveCfg = Debug|x64
		{AB36CF7A-C378-44A2-B4FD-CC5C06D6D1EC}.Debug|x64.Build.0 = Debug|x64
		{AB36CF7A-C378-44A2-B4FD-CC5C06D6D1EC}.Debug|x86.ActiveCfg = Debug|Win32
		{AB36CF7A-C378-44A2-B4FD-CC5C06D6D1EC}.Debug|x86.Build.0 = Debug|Win32
		{AB36CF7A-C378-44A2-B4FD-CC5C06D6D1EC}.Release|x64.ActiveCfg = Release|x64
		{AB36CF7A-C378-44A2-B4FD-CC5C06D6D1EC}.Release|x64.Build.0 = Release|x64
		{AB36CF7A-C378-44A2-B4FD-CC5C06D6D1EC}.Release|x86.ActiveCfg = Release|Win32
		{AB36CF7A-C378-44A2-B4FD-CC5C06D6D1EC}.Release|x86.Build.0 = Release|Win32
		{54E281E8-4A4D-457D-AF54-45F94E584A77}.Debug|x64.ActiveCfg = Debug|x64
		{54E281E8-4A4D-457D-AF54-45F94E584A77}.Debug|x64.Build.0 = Debug|x64
		{54E281E8-4A4D-457D-AF54-45F94E584A77}.Debug|x86.ActiveCfg = Debug|Win32
		{54E281E8-4A4D-457D-AF54-45F94E584A77}.Debug|x86.Build.0 = Debug|Win32
		{54E281E8-4A4D-457D-AF54-45F94E584A77}.Release|x64.ActiveCfg = Release|x64
		{54E281E8-4A4D-457D-AF54-45F94E584A77}.Release|x64.Build.0 = Release|x64
		{54E281E8-4A4D-457D-AF54-45F94E584A77}.Release|x86.ActiveCfg = Release|Win32
		{54E281E8-4A4D-457D-AF54-45F94E584A77}.Release|x86.Build.0 = Release|Win32
		{30293831-ABE0-4325-B084-3ACBB73745FC}.Debug|x64.ActiveCfg = Debug|x64
		{30293831-ABE0-4325-B084-3ACBB73745FC}.Debug|x64.Build.0 = Debug|x64
		{30293831-ABE0-4325-B084-3ACBB73745FC}.Debug|x86.ActiveCfg = Debug|Win32
		{30293831-ABE0-4325-B084-3ACBB73745FC}.Debug|x86.Build.0 = Debug|Win32
		{30293831-ABE0-4325-B084-3ACBB73745FC}.Release|x64.ActiveCfg = Release|x64
		{30293831-ABE0-4325-B084-3ACBB73745FC}.Release|x64.Build.0 = Release|x64
		{30293831-ABE0-4325-B084-3ACBB73745FC}.Release|x86.ActiveCfg = Release|Win32
		{30293831-ABE0-4325-B084-3ACBB73745FC}.Release|x86.Build.0 = Release|Win32
		{9C02961D-D2D4-471B-8A9C-B01C528F98B9}.Debug|x64.ActiveCfg = Debug|x64
		{9C02961D-D2D4-471B-8A9C-B01C528F98B9}.Debug|x64.Build.0 = Debug|x64
		{9C02961D-D2D4-471B-8A9C-B01C528F98B9}.Debug|x86.ActiveCfg = Debug|Win32
		{9C02961D-D2D4-471B-8A9C-B01C528F98B9}.Debug|x86.Build.0 = Debug|Win32
		{9C02961D-D2D4-471B-8A9C-B01C528F98B9}.Release|x64.ActiveCfg = Release|x64
		{9C02961D-D2D4-471B-8A9C-B01C528F98B9}.Release|x64.Build.0 = Release|x64
		{9C02961D-D2D4-471B-8A9C-B01C528F98B9}.Release|x86.ActiveCfg = Release|Win32
		{9C02961D-D2D4-471B-8A9C-B01C528F98B9}.Release|x86.Build.0 = Release|Win32
		{41A822BE-8357-42AB-9248-1956A88ECF72}.Debug|x64.ActiveCfg = Debug|x64
		{41A822BE-8357-42AB-9248-1956A88ECF72}.Debug|x64.Build.0 = Debug|x64
		{41A822BE-8357-42AB-9248-1956A88ECF72}.Debug|x86.ActiveCfg = Debug|Win32
		{41A822BE-8357-42AB-9248-1956A88ECF72}.Debug|x86.Build.0 = Debug|Win32
		{41A822BE-8357-42AB-9248-1956A88ECF72}.Release|x64.ActiveCfg = Release|x64
		{41A822BE-8357-42AB-9248-1956A88ECF72}.Release|x64.Build.0 = Release|x64
		{41A822BE-8357-42AB-9248-1956A88ECF72}.Release|x86.ActiveCfg = Release|Win32
		{41A822BE-8357-42AB-9248-1956A88ECF72}.Release|x86.Build.0 = Release|Win32
	EndGlobalSection
	GlobalSection(SolutionProperties) = preSolution
		HideSolutionNode = FALSE
	EndGlobalSection
	GlobalSection(ExtensibilityGlobals) = postSolution
		SolutionGuid = {890E2E83-1C17-4168-9EA0-7F195E8212E2}
	EndGlobalSection
EndGlobal
